
Microsoft Visual Studio Solution File, Format Version 12.00
# Visual Studio Version 16
VisualStudioVersion = 16.0.31624.102
MinimumVisualStudioVersion = 10.0.40219.1
Project("{9A19103F-16F7-4668-BE54-9A1E7A4F7556}") = "SnowfallAssetsEverywhere", "SnowfallAssetsEverywhere.csproj", "{A2BF3862-5386-4024-BA20-16C1EB0CA0AD}"
EndProject
Global
	GlobalSection(SolutionConfigurationPlatforms) = preSolution
		Debug|Any CPU = Debug|Any CPU
		Release|Any CPU = Release|Any CPU
	EndGlobalSection
	GlobalSection(ProjectConfigurationPlatforms) = postSolution
		{A2BF3862-5386-4024-BA20-16C1EB0CA0AD}.Debug|Any CPU.ActiveCfg = Debug|Any CPU
		{A2BF3862-5386-4024-BA20-16C1EB0CA0AD}.Debug|Any CPU.Build.0 = Debug|Any CPU
		{A2BF3862-5386-4024-BA20-16C1EB0CA0AD}.Release|Any CPU.ActiveCfg = Release|Any CPU
		{A2BF3862-5386-4024-BA20-16C1EB0CA0AD}.Release|Any CPU.Build.0 = Release|Any CPU
	EndGlobalSection
	GlobalSection(SolutionProperties) = preSolution
		HideSolutionNode = FALSE
	EndGlobalSection
	GlobalSection(ExtensibilityGlobals) = postSolution
		SolutionGuid = {D7961CDF-DBE7-4EC7-B35B-F4EA18A96A92}
	EndGlobalSection
EndGlobal
